
Microsoft Visual Studio Solution File, Format Version 12.00
# Visual Studio Version 17
VisualStudioVersion = 17.4.33103.184
MinimumVisualStudioVersion = 10.0.40219.1
Project("{9A19103F-16F7-4668-BE54-9A1E7A4F7556}") = "MathCore.AI", "MathCore.AI\MathCore.AI.csproj", "{7824C34D-EA22-4601-93C6-6B2AAEE9B9F4}"
EndProject
Project("{2150E333-8FDC-42A3-9474-1A3956D46DE8}") = "Service", "Service", "{B785ED96-3D9A-4BAB-B350-37520A2734B5}"
	ProjectSection(SolutionItems) = preProject
		.editorconfig = .editorconfig
		..\BuildAndPublish.bat = ..\BuildAndPublish.bat
		..\BuildAndTest.bat = ..\BuildAndTest.bat
		..\BuildRelease.bat = ..\BuildRelease.bat
		license.txt = license.txt
		README.md = README.md
	EndProjectSection
EndProject
Project("{2150E333-8FDC-42A3-9474-1A3956D46DE8}") = "Tests", "Tests", "{49CCA0DF-220B-496F-90C2-83C58F89B96F}"
EndProject
Project("{9A19103F-16F7-4668-BE54-9A1E7A4F7556}") = "ConsoleTest", "Tests\ConsoleTest\ConsoleTest.csproj", "{B77887FD-F580-4FB8-9565-53E869A09507}"
EndProject
Project("{9A19103F-16F7-4668-BE54-9A1E7A4F7556}") = "MathCore.AI.Tests", "Tests\MathCore.AI.Tests\MathCore.AI.Tests.csproj", "{52D6CCB5-99F3-4B7C-A9ED-F03A1DCA5B12}"
EndProject
Global
	GlobalSection(SolutionConfigurationPlatforms) = preSolution
		Debug|Any CPU = Debug|Any CPU
		Release|Any CPU = Release|Any CPU
	EndGlobalSection
	GlobalSection(ProjectConfigurationPlatforms) = postSolution
		{7824C34D-EA22-4601-93C6-6B2AAEE9B9F4}.Debug|Any CPU.ActiveCfg = Debug|Any CPU
		{7824C34D-EA22-4601-93C6-6B2AAEE9B9F4}.Debug|Any CPU.Build.0 = Debug|Any CPU
		{7824C34D-EA22-4601-93C6-6B2AAEE9B9F4}.Release|Any CPU.ActiveCfg = Release|Any CPU
		{7824C34D-EA22-4601-93C6-6B2AAEE9B9F4}.Release|Any CPU.Build.0 = Release|Any CPU
		{B77887FD-F580-4FB8-9565-53E869A09507}.Debug|Any CPU.ActiveCfg = Debug|Any CPU
		{B77887FD-F580-4FB8-9565-53E869A09507}.Debug|Any CPU.Build.0 = Debug|Any CPU
		{B77887FD-F580-4FB8-9565-53E869A09507}.Release|Any CPU.ActiveCfg = Release|Any CPU
		{B77887FD-F580-4FB8-9565-53E869A09507}.Release|Any CPU.Build.0 = Release|Any CPU
		{52D6CCB5-99F3-4B7C-A9ED-F03A1DCA5B12}.Debug|Any CPU.ActiveCfg = Debug|Any CPU
		{52D6CCB5-99F3-4B7C-A9ED-F03A1DCA5B12}.Debug|Any CPU.Build.0 = Debug|Any CPU
		{52D6CCB5-99F3-4B7C-A9ED-F03A1DCA5B12}.Release|Any CPU.ActiveCfg = Release|Any CPU
		{52D6CCB5-99F3-4B7C-A9ED-F03A1DCA5B12}.Release|Any CPU.Build.0 = Release|Any CPU
	EndGlobalSection
	GlobalSection(SolutionProperties) = preSolution
		HideSolutionNode = FALSE
	EndGlobalSection
	GlobalSection(NestedProjects) = preSolution
		{B77887FD-F580-4FB8-9565-53E869A09507} = {49CCA0DF-220B-496F-90C2-83C58F89B96F}
		{52D6CCB5-99F3-4B7C-A9ED-F03A1DCA5B12} = {49CCA0DF-220B-496F-90C2-83C58F89B96F}
	EndGlobalSection
	GlobalSection(ExtensibilityGlobals) = postSolution
		SolutionGuid = {B61EE773-E363-4D1B-B6C5-B2B1EDBF7281}
	EndGlobalSection
EndGlobal
